
Microsoft Visual Studio Solution File, Format Version 12.00
# Visual Studio Express 2012 for Web
Project("{E24C65DC-7377-472B-9ABA-BC803B73C61A}") = "GoL", ".", "{8D60572C-1A23-4DE7-AEC2-375D9BCA4E91}"
	ProjectSection(WebsiteProperties) = preProject
		TargetFrameworkMoniker = ".NETFramework,Version%3Dv4.0"
		Debug.AspNetCompiler.VirtualPath = "/GoL"
		Debug.AspNetCompiler.PhysicalPath = "D:\Google Drive\Courses\LondonMET\Undergraduate_COMPUTING\5_2013_Outumn\Artificial Intelligence\GameOfLife\GoL\"
		Debug.AspNetCompiler.TargetPath = "PrecompiledWeb\GoL\"
		Debug.AspNetCompiler.Updateable = "true"
		Debug.AspNetCompiler.ForceOverwrite = "true"
		Debug.AspNetCompiler.FixedNames = "false"
		Debug.AspNetCompiler.Debug = "True"
		Release.AspNetCompiler.VirtualPath = "/GoL"
		Release.AspNetCompiler.PhysicalPath = "D:\Google Drive\Courses\LondonMET\Undergraduate_COMPUTING\5_2013_Outumn\Artificial Intelligence\GameOfLife\GoL\"
		Release.AspNetCompiler.TargetPath = "PrecompiledWeb\GoL\"
		Release.AspNetCompiler.Updateable = "true"
		Release.AspNetCompiler.ForceOverwrite = "true"
		Release.AspNetCompiler.FixedNames = "false"
		Release.AspNetCompiler.Debug = "False"
		VWDPort = "22189"
	EndProjectSection
EndProject
Global
	GlobalSection(SolutionConfigurationPlatforms) = preSolution
		Debug|Any CPU = Debug|Any CPU
	EndGlobalSection
	GlobalSection(ProjectConfigurationPlatforms) = postSolution
		{8D60572C-1A23-4DE7-AEC2-375D9BCA4E91}.Debug|Any CPU.ActiveCfg = Debug|Any CPU
		{8D60572C-1A23-4DE7-AEC2-375D9BCA4E91}.Debug|Any CPU.Build.0 = Debug|Any CPU
	EndGlobalSection
	GlobalSection(SolutionProperties) = preSolution
		HideSolutionNode = FALSE
	EndGlobalSection
EndGlobal
